
Microsoft Visual Studio Solution File, Format Version 12.00
# Visual Studio 14
VisualStudioVersion = 14.0.25123.0
MinimumVisualStudioVersion = 10.0.40219.1
Project("{8BC9CEB8-8B4A-11D0-8D11-00A0C91BC942}") = "dlib", "lib\3rdParty\dlib\dlib.vcxproj", "{B47A5F12-2567-44E9-AE49-35763EC82149}"
EndProject
Project("{8BC9CEB8-8B4A-11D0-8D11-00A0C91BC942}") = "LandmarkDetector", "lib\local\LandmarkDetector\LandmarkDetector.vcxproj", "{BDC1D107-DE17-4705-8E7B-CDDE8BFB2BF8}"
EndProject
Project("{8BC9CEB8-8B4A-11D0-8D11-00A0C91BC942}") = "FaceAnalyser", "lib\local\FaceAnalyser\FaceAnalyser.vcxproj", "{0E7FC556-0E80-45EA-A876-DDE4C2FEDCD7}"
EndProject
Project("{8BC9CEB8-8B4A-11D0-8D11-00A0C91BC942}") = "FeatureExtraction", "src\FeatureExtraction\FeatureExtraction.vcxproj", "{8A23C00D-767D-422D-89A3-CF225E3DAB4B}"
EndProject
Project("{2150E333-8FDC-42A3-9474-1A3956D46DE8}") = "Libraries", "Libraries", "{99FEBA13-BDDF-4076-B57E-D8EF4076E20D}"
EndProject
Project("{2150E333-8FDC-42A3-9474-1A3956D46DE8}") = "Executables", "Executables", "{9961DDAC-BE6E-4A6E-8EEF-FFC7D67BD631}"
EndProject
Project("{8BC9CEB8-8B4A-11D0-8D11-00A0C91BC942}") = "FaceLandmarkVidMulti", "src\FaceLandmarkVidMulti\FaceLandmarkVidMulti.vcxproj", "{C3FAF36F-44BC-4454-87C2-C5106575FE50}"
EndProject
Project("{8BC9CEB8-8B4A-11D0-8D11-00A0C91BC942}") = "Recording", "src\Recording\Recording.vcxproj", "{2D80FA0B-2DE8-4475-BA5A-C08A9E1EDAAC}"
EndProject
Project("{8BC9CEB8-8B4A-11D0-8D11-00A0C91BC942}") = "FaceLandmarkVid", "src\FaceLandmarkVid\FaceLandmarkVid.vcxproj", "{34032CF2-1B99-4A25-9050-E9C13DD4CD0A}"
EndProject
Project("{8BC9CEB8-8B4A-11D0-8D11-00A0C91BC942}") = "FaceLandmarkImg", "src\FaceLandmarkImg\FaceLandmarkImg.vcxproj", "{DDC3535E-526C-44EC-9DF4-739E2D3A323B}"
EndProject
Project("{8BC9CEB8-8B4A-11D0-8D11-00A0C91BC942}") = "sqlite3", "lib\3rdParty\sqlite3\sqlite3.vcxproj", "{27557243-C165-42FF-A273-7706FEB6F4A4}"
EndProject
Project("{8BC9CEB8-8B4A-11D0-8D11-00A0C91BC942}") = "ToolsCommon", "lib\local\ToolsCommon\ToolsCommon.vcxproj", "{7398D18A-C7B1-4D83-BF65-4661A66D4F4F}"
	ProjectSection(ProjectDependencies) = postProject
		{27557243-C165-42FF-A273-7706FEB6F4A4} = {27557243-C165-42FF-A273-7706FEB6F4A4}
	EndProjectSection
EndProject
Project("{8BC9CEB8-8B4A-11D0-8D11-00A0C91BC942}") = "VideoTools", "src\VideoTools\VideoTools.vcxproj", "{41488919-B567-427F-8D98-DB3D9CF66097}"
	ProjectSection(ProjectDependencies) = postProject
		{27557243-C165-42FF-A273-7706FEB6F4A4} = {27557243-C165-42FF-A273-7706FEB6F4A4}
		{7398D18A-C7B1-4D83-BF65-4661A66D4F4F} = {7398D18A-C7B1-4D83-BF65-4661A66D4F4F}
	EndProjectSection
EndProject
Project("{8BC9CEB8-8B4A-11D0-8D11-00A0C91BC942}") = "TagsConverter", "src\TagsConverter\TagsConverter.vcxproj", "{41488919-B567-427F-8D98-DB3D9CF66098}"
	ProjectSection(ProjectDependencies) = postProject
		{27557243-C165-42FF-A273-7706FEB6F4A4} = {27557243-C165-42FF-A273-7706FEB6F4A4}
		{7398D18A-C7B1-4D83-BF65-4661A66D4F4F} = {7398D18A-C7B1-4D83-BF65-4661A66D4F4F}
	EndProjectSection
EndProject
Project("{2150E333-8FDC-42A3-9474-1A3956D46DE8}") = "Plugins", "Plugins", "{A22FCCBB-FA40-4A42-B836-87575DA7A420}"
EndProject
Project("{8BC9CEB8-8B4A-11D0-8D11-00A0C91BC942}") = "OpenFace", "lib\plugins\OpenFace\OpenFace.vcxproj", "{C6379CC8-86A5-4E96-8C2D-BDB77A4F5B64}"
EndProject
Project("{8BC9CEB8-8B4A-11D0-8D11-00A0C91BC942}") = "OpenFaceWrap", "lib\plugins\OpenFaceWrap\OpenFaceWrap.vcxproj", "{C6379CC8-86A5-4E96-8C2D-BDB77A4F5B65}"
EndProject
Project("{FAE04EC0-301F-11D3-BF4B-00C04F79EFBC}") = "CaptureVideo", "net\CaptureVideo\CaptureVideo.csproj", "{DC69E29B-7524-4261-802A-776FC2BEF57F}"
EndProject
Project("{2150E333-8FDC-42A3-9474-1A3956D46DE8}") = "Net", "Net", "{97ABE9DE-28B7-4CA8-B707-B6B0A3323D75}"
EndProject
Project("{8BC9CEB8-8B4A-11D0-8D11-00A0C91BC942}") = "WrapTests", "src\WrapTests\WrapTests.vcxproj", "{51488919-B567-427F-8D98-DB3D9CF66097}"
	ProjectSection(ProjectDependencies) = postProject
		{27557243-C165-42FF-A273-7706FEB6F4A4} = {27557243-C165-42FF-A273-7706FEB6F4A4}
		{7398D18A-C7B1-4D83-BF65-4661A66D4F4F} = {7398D18A-C7B1-4D83-BF65-4661A66D4F4F}
	EndProjectSection
EndProject
Global
	GlobalSection(SolutionConfigurationPlatforms) = preSolution
		Debug|Any CPU = Debug|Any CPU
		Debug|Win32 = Debug|Win32
		Debug|x64 = Debug|x64
		Release|Any CPU = Release|Any CPU
		Release|Win32 = Release|Win32
		Release|x64 = Release|x64
	EndGlobalSection
	GlobalSection(ProjectConfigurationPlatforms) = postSolution
		{B47A5F12-2567-44E9-AE49-35763EC82149}.Debug|Any CPU.ActiveCfg = Debug|Win32
		{B47A5F12-2567-44E9-AE49-35763EC82149}.Debug|Win32.ActiveCfg = Debug|Win32
		{B47A5F12-2567-44E9-AE49-35763EC82149}.Debug|Win32.Build.0 = Debug|Win32
		{B47A5F12-2567-44E9-AE49-35763EC82149}.Debug|x64.ActiveCfg = Debug|x64
		{B47A5F12-2567-44E9-AE49-35763EC82149}.Debug|x64.Build.0 = Debug|x64
		{B47A5F12-2567-44E9-AE49-35763EC82149}.Release|Any CPU.ActiveCfg = Release|Win32
		{B47A5F12-2567-44E9-AE49-35763EC82149}.Release|Win32.ActiveCfg = Release|Win32
		{B47A5F12-2567-44E9-AE49-35763EC82149}.Release|Win32.Build.0 = Release|Win32
		{B47A5F12-2567-44E9-AE49-35763EC82149}.Release|x64.ActiveCfg = Release|x64
		{B47A5F12-2567-44E9-AE49-35763EC82149}.Release|x64.Build.0 = Release|x64
		{BDC1D107-DE17-4705-8E7B-CDDE8BFB2BF8}.Debug|Any CPU.ActiveCfg = Debug|Win32
		{BDC1D107-DE17-4705-8E7B-CDDE8BFB2BF8}.Debug|Win32.ActiveCfg = Debug|Win32
		{BDC1D107-DE17-4705-8E7B-CDDE8BFB2BF8}.Debug|Win32.Build.0 = Debug|Win32
		{BDC1D107-DE17-4705-8E7B-CDDE8BFB2BF8}.Debug|x64.ActiveCfg = Debug|x64
		{BDC1D107-DE17-4705-8E7B-CDDE8BFB2BF8}.Debug|x64.Build.0 = Debug|x64
		{BDC1D107-DE17-4705-8E7B-CDDE8BFB2BF8}.Release|Any CPU.ActiveCfg = Release|Win32
		{BDC1D107-DE17-4705-8E7B-CDDE8BFB2BF8}.Release|Win32.ActiveCfg = Release|Win32
		{BDC1D107-DE17-4705-8E7B-CDDE8BFB2BF8}.Release|Win32.Build.0 = Release|Win32
		{BDC1D107-DE17-4705-8E7B-CDDE8BFB2BF8}.Release|x64.ActiveCfg = Release|x64
		{BDC1D107-DE17-4705-8E7B-CDDE8BFB2BF8}.Release|x64.Build.0 = Release|x64
		{0E7FC556-0E80-45EA-A876-DDE4C2FEDCD7}.Debug|Any CPU.ActiveCfg = Debug|Win32
		{0E7FC556-0E80-45EA-A876-DDE4C2FEDCD7}.Debug|Win32.ActiveCfg = Debug|Win32
		{0E7FC556-0E80-45EA-A876-DDE4C2FEDCD7}.Debug|Win32.Build.0 = Debug|Win32
		{0E7FC556-0E80-45EA-A876-DDE4C2FEDCD7}.Debug|x64.ActiveCfg = Debug|x64
		{0E7FC556-0E80-45EA-A876-DDE4C2FEDCD7}.Debug|x64.Build.0 = Debug|x64
		{0E7FC556-0E80-45EA-A876-DDE4C2FEDCD7}.Release|Any CPU.ActiveCfg = Release|Win32
		{0E7FC556-0E80-45EA-A876-DDE4C2FEDCD7}.Release|Win32.ActiveCfg = Release|Win32
		{0E7FC556-0E80-45EA-A876-DDE4C2FEDCD7}.Release|Win32.Build.0 = Release|Win32
		{0E7FC556-0E80-45EA-A876-DDE4C2FEDCD7}.Release|x64.ActiveCfg = Release|x64
		{0E7FC556-0E80-45EA-A876-DDE4C2FEDCD7}.Release|x64.Build.0 = Release|x64
		{8A23C00D-767D-422D-89A3-CF225E3DAB4B}.Debug|Any CPU.ActiveCfg = Debug|Win32
		{8A23C00D-767D-422D-89A3-CF225E3DAB4B}.Debug|Win32.ActiveCfg = Debug|Win32
		{8A23C00D-767D-422D-89A3-CF225E3DAB4B}.Debug|Win32.Build.0 = Debug|Win32
		{8A23C00D-767D-422D-89A3-CF225E3DAB4B}.Debug|x64.ActiveCfg = Debug|x64
		{8A23C00D-767D-422D-89A3-CF225E3DAB4B}.Debug|x64.Build.0 = Debug|x64
		{8A23C00D-767D-422D-89A3-CF225E3DAB4B}.Release|Any CPU.ActiveCfg = Release|Win32
		{8A23C00D-767D-422D-89A3-CF225E3DAB4B}.Release|Win32.ActiveCfg = Release|Win32
		{8A23C00D-767D-422D-89A3-CF225E3DAB4B}.Release|Win32.Build.0 = Release|Win32
		{8A23C00D-767D-422D-89A3-CF225E3DAB4B}.Release|x64.ActiveCfg = Release|x64
		{8A23C00D-767D-422D-89A3-CF225E3DAB4B}.Release|x64.Build.0 = Release|x64
		{C3FAF36F-44BC-4454-87C2-C5106575FE50}.Debug|Any CPU.ActiveCfg = Debug|Win32
		{C3FAF36F-44BC-4454-87C2-C5106575FE50}.Debug|Win32.ActiveCfg = Debug|Win32
		{C3FAF36F-44BC-4454-87C2-C5106575FE50}.Debug|Win32.Build.0 = Debug|Win32
		{C3FAF36F-44BC-4454-87C2-C5106575FE50}.Debug|x64.ActiveCfg = Debug|x64
		{C3FAF36F-44BC-4454-87C2-C5106575FE50}.Debug|x64.Build.0 = Debug|x64
		{C3FAF36F-44BC-4454-87C2-C5106575FE50}.Release|Any CPU.ActiveCfg = Release|Win32
		{C3FAF36F-44BC-4454-87C2-C5106575FE50}.Release|Win32.ActiveCfg = Release|Win32
		{C3FAF36F-44BC-4454-87C2-C5106575FE50}.Release|Win32.Build.0 = Release|Win32
		{C3FAF36F-44BC-4454-87C2-C5106575FE50}.Release|x64.ActiveCfg = Release|x64
		{C3FAF36F-44BC-4454-87C2-C5106575FE50}.Release|x64.Build.0 = Release|x64
		{2D80FA0B-2DE8-4475-BA5A-C08A9E1EDAAC}.Debug|Any CPU.ActiveCfg = Debug|Win32
		{2D80FA0B-2DE8-4475-BA5A-C08A9E1EDAAC}.Debug|Win32.ActiveCfg = Debug|Win32
		{2D80FA0B-2DE8-4475-BA5A-C08A9E1EDAAC}.Debug|Win32.Build.0 = Debug|Win32
		{2D80FA0B-2DE8-4475-BA5A-C08A9E1EDAAC}.Debug|x64.ActiveCfg = Debug|x64
		{2D80FA0B-2DE8-4475-BA5A-C08A9E1EDAAC}.Debug|x64.Build.0 = Debug|x64
		{2D80FA0B-2DE8-4475-BA5A-C08A9E1EDAAC}.Release|Any CPU.ActiveCfg = Release|Win32
		{2D80FA0B-2DE8-4475-BA5A-C08A9E1EDAAC}.Release|Win32.ActiveCfg = Release|Win32
		{2D80FA0B-2DE8-4475-BA5A-C08A9E1EDAAC}.Release|Win32.Build.0 = Release|Win32
		{2D80FA0B-2DE8-4475-BA5A-C08A9E1EDAAC}.Release|x64.ActiveCfg = Release|x64
		{2D80FA0B-2DE8-4475-BA5A-C08A9E1EDAAC}.Release|x64.Build.0 = Release|x64
		{34032CF2-1B99-4A25-9050-E9C13DD4CD0A}.Debug|Any CPU.ActiveCfg = Debug|Win32
		{34032CF2-1B99-4A25-9050-E9C13DD4CD0A}.Debug|Win32.ActiveCfg = Debug|Win32
		{34032CF2-1B99-4A25-9050-E9C13DD4CD0A}.Debug|Win32.Build.0 = Debug|Win32
		{34032CF2-1B99-4A25-9050-E9C13DD4CD0A}.Debug|x64.ActiveCfg = Debug|x64
		{34032CF2-1B99-4A25-9050-E9C13DD4CD0A}.Debug|x64.Build.0 = Debug|x64
		{34032CF2-1B99-4A25-9050-E9C13DD4CD0A}.Release|Any CPU.ActiveCfg = Release|Win32
		{34032CF2-1B99-4A25-9050-E9C13DD4CD0A}.Release|Win32.ActiveCfg = Release|Win32
		{34032CF2-1B99-4A25-9050-E9C13DD4CD0A}.Release|Win32.Build.0 = Release|Win32
		{34032CF2-1B99-4A25-9050-E9C13DD4CD0A}.Release|x64.ActiveCfg = Release|x64
		{34032CF2-1B99-4A25-9050-E9C13DD4CD0A}.Release|x64.Build.0 = Release|x64
		{DDC3535E-526C-44EC-9DF4-739E2D3A323B}.Debug|Any CPU.ActiveCfg = Debug|Win32
		{DDC3535E-526C-44EC-9DF4-739E2D3A323B}.Debug|Win32.ActiveCfg = Debug|Win32
		{DDC3535E-526C-44EC-9DF4-739E2D3A323B}.Debug|Win32.Build.0 = Debug|Win32
		{DDC3535E-526C-44EC-9DF4-739E2D3A323B}.Debug|x64.ActiveCfg = Debug|x64
		{DDC3535E-526C-44EC-9DF4-739E2D3A323B}.Debug|x64.Build.0 = Debug|x64
		{DDC3535E-526C-44EC-9DF4-739E2D3A323B}.Release|Any CPU.ActiveCfg = Release|Win32
		{DDC3535E-526C-44EC-9DF4-739E2D3A323B}.Release|Win32.ActiveCfg = Release|Win32
		{DDC3535E-526C-44EC-9DF4-739E2D3A323B}.Release|Win32.Build.0 = Release|Win32
		{DDC3535E-526C-44EC-9DF4-739E2D3A323B}.Release|x64.ActiveCfg = Release|x64
		{DDC3535E-526C-44EC-9DF4-739E2D3A323B}.Release|x64.Build.0 = Release|x64
		{27557243-C165-42FF-A273-7706FEB6F4A4}.Debug|Any CPU.ActiveCfg = Debug|Win32
		{27557243-C165-42FF-A273-7706FEB6F4A4}.Debug|Win32.ActiveCfg = Debug|Win32
		{27557243-C165-42FF-A273-7706FEB6F4A4}.Debug|Win32.Build.0 = Debug|Win32
		{27557243-C165-42FF-A273-7706FEB6F4A4}.Debug|x64.ActiveCfg = Debug|x64
		{27557243-C165-42FF-A273-7706FEB6F4A4}.Debug|x64.Build.0 = Debug|x64
		{27557243-C165-42FF-A273-7706FEB6F4A4}.Release|Any CPU.ActiveCfg = Release|Win32
		{27557243-C165-42FF-A273-7706FEB6F4A4}.Release|Win32.ActiveCfg = Release|Win32
		{27557243-C165-42FF-A273-7706FEB6F4A4}.Release|Win32.Build.0 = Release|Win32
		{27557243-C165-42FF-A273-7706FEB6F4A4}.Release|x64.ActiveCfg = Release|x64
		{27557243-C165-42FF-A273-7706FEB6F4A4}.Release|x64.Build.0 = Release|x64
		{7398D18A-C7B1-4D83-BF65-4661A66D4F4F}.Debug|Any CPU.ActiveCfg = Debug|Win32
		{7398D18A-C7B1-4D83-BF65-4661A66D4F4F}.Debug|Win32.ActiveCfg = Debug|Win32
		{7398D18A-C7B1-4D83-BF65-4661A66D4F4F}.Debug|Win32.Build.0 = Debug|Win32
		{7398D18A-C7B1-4D83-BF65-4661A66D4F4F}.Debug|x64.ActiveCfg = Debug|x64
		{7398D18A-C7B1-4D83-BF65-4661A66D4F4F}.Debug|x64.Build.0 = Debug|x64
		{7398D18A-C7B1-4D83-BF65-4661A66D4F4F}.Release|Any CPU.ActiveCfg = Release|Win32
		{7398D18A-C7B1-4D83-BF65-4661A66D4F4F}.Release|Win32.ActiveCfg = Release|Win32
		{7398D18A-C7B1-4D83-BF65-4661A66D4F4F}.Release|Win32.Build.0 = Release|Win32
		{7398D18A-C7B1-4D83-BF65-4661A66D4F4F}.Release|x64.ActiveCfg = Release|x64
		{7398D18A-C7B1-4D83-BF65-4661A66D4F4F}.Release|x64.Build.0 = Release|x64
		{41488919-B567-427F-8D98-DB3D9CF66097}.Debug|Any CPU.ActiveCfg = Debug|Win32
		{41488919-B567-427F-8D98-DB3D9CF66097}.Debug|Win32.ActiveCfg = Debug|Win32
		{41488919-B567-427F-8D98-DB3D9CF66097}.Debug|Win32.Build.0 = Debug|Win32
		{41488919-B567-427F-8D98-DB3D9CF66097}.Debug|x64.ActiveCfg = Debug|x64
		{41488919-B567-427F-8D98-DB3D9CF66097}.Debug|x64.Build.0 = Debug|x64
		{41488919-B567-427F-8D98-DB3D9CF66097}.Release|Any CPU.ActiveCfg = Release|Win32
		{41488919-B567-427F-8D98-DB3D9CF66097}.Release|Win32.ActiveCfg = Release|Win32
		{41488919-B567-427F-8D98-DB3D9CF66097}.Release|Win32.Build.0 = Release|Win32
		{41488919-B567-427F-8D98-DB3D9CF66097}.Release|x64.ActiveCfg = Release|x64
		{41488919-B567-427F-8D98-DB3D9CF66097}.Release|x64.Build.0 = Release|x64
		{41488919-B567-427F-8D98-DB3D9CF66098}.Debug|Any CPU.ActiveCfg = Debug|Win32
		{41488919-B567-427F-8D98-DB3D9CF66098}.Debug|Win32.ActiveCfg = Debug|Win32
		{41488919-B567-427F-8D98-DB3D9CF66098}.Debug|Win32.Build.0 = Debug|Win32
		{41488919-B567-427F-8D98-DB3D9CF66098}.Debug|x64.ActiveCfg = Debug|x64
		{41488919-B567-427F-8D98-DB3D9CF66098}.Debug|x64.Build.0 = Debug|x64
		{41488919-B567-427F-8D98-DB3D9CF66098}.Release|Any CPU.ActiveCfg = Release|Win32
		{41488919-B567-427F-8D98-DB3D9CF66098}.Release|Win32.ActiveCfg = Release|Win32
		{41488919-B567-427F-8D98-DB3D9CF66098}.Release|Win32.Build.0 = Release|Win32
		{41488919-B567-427F-8D98-DB3D9CF66098}.Release|x64.ActiveCfg = Release|x64
		{41488919-B567-427F-8D98-DB3D9CF66098}.Release|x64.Build.0 = Release|x64
		{C6379CC8-86A5-4E96-8C2D-BDB77A4F5B64}.Debug|Any CPU.ActiveCfg = Debug|Win32
		{C6379CC8-86A5-4E96-8C2D-BDB77A4F5B64}.Debug|Win32.ActiveCfg = Debug|Win32
		{C6379CC8-86A5-4E96-8C2D-BDB77A4F5B64}.Debug|Win32.Build.0 = Debug|Win32
		{C6379CC8-86A5-4E96-8C2D-BDB77A4F5B64}.Debug|x64.ActiveCfg = Debug|x64
		{C6379CC8-86A5-4E96-8C2D-BDB77A4F5B64}.Debug|x64.Build.0 = Debug|x64
		{C6379CC8-86A5-4E96-8C2D-BDB77A4F5B64}.Release|Any CPU.ActiveCfg = Release|Win32
		{C6379CC8-86A5-4E96-8C2D-BDB77A4F5B64}.Release|Win32.ActiveCfg = Release|Win32
		{C6379CC8-86A5-4E96-8C2D-BDB77A4F5B64}.Release|Win32.Build.0 = Release|Win32
		{C6379CC8-86A5-4E96-8C2D-BDB77A4F5B64}.Release|x64.ActiveCfg = Release|x64
		{C6379CC8-86A5-4E96-8C2D-BDB77A4F5B64}.Release|x64.Build.0 = Release|x64
		{C6379CC8-86A5-4E96-8C2D-BDB77A4F5B65}.Debug|Any CPU.ActiveCfg = Debug|Win32
		{C6379CC8-86A5-4E96-8C2D-BDB77A4F5B65}.Debug|Win32.ActiveCfg = Debug|Win32
		{C6379CC8-86A5-4E96-8C2D-BDB77A4F5B65}.Debug|Win32.Build.0 = Debug|Win32
		{C6379CC8-86A5-4E96-8C2D-BDB77A4F5B65}.Debug|x64.ActiveCfg = Debug|x64
		{C6379CC8-86A5-4E96-8C2D-BDB77A4F5B65}.Debug|x64.Build.0 = Debug|x64
		{C6379CC8-86A5-4E96-8C2D-BDB77A4F5B65}.Release|Any CPU.ActiveCfg = Release|Win32
		{C6379CC8-86A5-4E96-8C2D-BDB77A4F5B65}.Release|Win32.ActiveCfg = Release|Win32
		{C6379CC8-86A5-4E96-8C2D-BDB77A4F5B65}.Release|Win32.Build.0 = Release|Win32
		{C6379CC8-86A5-4E96-8C2D-BDB77A4F5B65}.Release|x64.ActiveCfg = Release|x64
		{C6379CC8-86A5-4E96-8C2D-BDB77A4F5B65}.Release|x64.Build.0 = Release|x64
		{DC69E29B-7524-4261-802A-776FC2BEF57F}.Debug|Any CPU.ActiveCfg = Debug|Any CPU
		{DC69E29B-7524-4261-802A-776FC2BEF57F}.Debug|Any CPU.Build.0 = Debug|Any CPU
		{DC69E29B-7524-4261-802A-776FC2BEF57F}.Debug|Win32.ActiveCfg = Debug|Any CPU
		{DC69E29B-7524-4261-802A-776FC2BEF57F}.Debug|Win32.Build.0 = Debug|Any CPU
		{DC69E29B-7524-4261-802A-776FC2BEF57F}.Debug|x64.ActiveCfg = Debug|Any CPU
		{DC69E29B-7524-4261-802A-776FC2BEF57F}.Debug|x64.Build.0 = Debug|Any CPU
		{DC69E29B-7524-4261-802A-776FC2BEF57F}.Release|Any CPU.ActiveCfg = Release|Any CPU
		{DC69E29B-7524-4261-802A-776FC2BEF57F}.Release|Any CPU.Build.0 = Release|Any CPU
		{DC69E29B-7524-4261-802A-776FC2BEF57F}.Release|Win32.ActiveCfg = Release|Any CPU
		{DC69E29B-7524-4261-802A-776FC2BEF57F}.Release|Win32.Build.0 = Release|Any CPU
		{DC69E29B-7524-4261-802A-776FC2BEF57F}.Release|x64.ActiveCfg = Release|Any CPU
		{DC69E29B-7524-4261-802A-776FC2BEF57F}.Release|x64.Build.0 = Release|Any CPU
		{51488919-B567-427F-8D98-DB3D9CF66097}.Debug|Any CPU.ActiveCfg = Debug|Win32
		{51488919-B567-427F-8D98-DB3D9CF66097}.Debug|Win32.ActiveCfg = Debug|Win32
		{51488919-B567-427F-8D98-DB3D9CF66097}.Debug|Win32.Build.0 = Debug|Win32
		{51488919-B567-427F-8D98-DB3D9CF66097}.Debug|x64.ActiveCfg = Debug|x64
		{51488919-B567-427F-8D98-DB3D9CF66097}.Debug|x64.Build.0 = Debug|x64
		{51488919-B567-427F-8D98-DB3D9CF66097}.Release|Any CPU.ActiveCfg = Release|Win32
		{51488919-B567-427F-8D98-DB3D9CF66097}.Release|Win32.ActiveCfg = Release|Win32
		{51488919-B567-427F-8D98-DB3D9CF66097}.Release|Win32.Build.0 = Release|Win32
		{51488919-B567-427F-8D98-DB3D9CF66097}.Release|x64.ActiveCfg = Release|x64
		{51488919-B567-427F-8D98-DB3D9CF66097}.Release|x64.Build.0 = Release|x64
	EndGlobalSection
	GlobalSection(SolutionProperties) = preSolution
		HideSolutionNode = FALSE
	EndGlobalSection
	GlobalSection(NestedProjects) = preSolution
		{B47A5F12-2567-44E9-AE49-35763EC82149} = {99FEBA13-BDDF-4076-B57E-D8EF4076E20D}
		{BDC1D107-DE17-4705-8E7B-CDDE8BFB2BF8} = {99FEBA13-BDDF-4076-B57E-D8EF4076E20D}
		{0E7FC556-0E80-45EA-A876-DDE4C2FEDCD7} = {99FEBA13-BDDF-4076-B57E-D8EF4076E20D}
		{8A23C00D-767D-422D-89A3-CF225E3DAB4B} = {9961DDAC-BE6E-4A6E-8EEF-FFC7D67BD631}
		{C3FAF36F-44BC-4454-87C2-C5106575FE50} = {9961DDAC-BE6E-4A6E-8EEF-FFC7D67BD631}
		{2D80FA0B-2DE8-4475-BA5A-C08A9E1EDAAC} = {9961DDAC-BE6E-4A6E-8EEF-FFC7D67BD631}
		{34032CF2-1B99-4A25-9050-E9C13DD4CD0A} = {9961DDAC-BE6E-4A6E-8EEF-FFC7D67BD631}
		{DDC3535E-526C-44EC-9DF4-739E2D3A323B} = {9961DDAC-BE6E-4A6E-8EEF-FFC7D67BD631}
		{27557243-C165-42FF-A273-7706FEB6F4A4} = {99FEBA13-BDDF-4076-B57E-D8EF4076E20D}
		{7398D18A-C7B1-4D83-BF65-4661A66D4F4F} = {99FEBA13-BDDF-4076-B57E-D8EF4076E20D}
		{41488919-B567-427F-8D98-DB3D9CF66097} = {9961DDAC-BE6E-4A6E-8EEF-FFC7D67BD631}
		{41488919-B567-427F-8D98-DB3D9CF66098} = {9961DDAC-BE6E-4A6E-8EEF-FFC7D67BD631}
		{C6379CC8-86A5-4E96-8C2D-BDB77A4F5B64} = {A22FCCBB-FA40-4A42-B836-87575DA7A420}
		{C6379CC8-86A5-4E96-8C2D-BDB77A4F5B65} = {A22FCCBB-FA40-4A42-B836-87575DA7A420}
		{DC69E29B-7524-4261-802A-776FC2BEF57F} = {97ABE9DE-28B7-4CA8-B707-B6B0A3323D75}
		{51488919-B567-427F-8D98-DB3D9CF66097} = {9961DDAC-BE6E-4A6E-8EEF-FFC7D67BD631}
	EndGlobalSection
EndGlobal
