
Microsoft Visual Studio Solution File, Format Version 12.00
# Visual Studio 2013
VisualStudioVersion = 12.0.40629.0
MinimumVisualStudioVersion = 10.0.40219.1
Project("{8BC9CEB8-8B4A-11D0-8D11-00A0C91BC942}") = "libcommon", "libcommon\libcommon.vcxproj", "{0C73F5DC-36E2-442B-91F1-CCC29E772353}"
EndProject
Project("{8BC9CEB8-8B4A-11D0-8D11-00A0C91BC942}") = "videotools", "videotools\videotools.vcxproj", "{95AA5C6B-7306-4EFD-91DA-7936AB84E002}"
	ProjectSection(ProjectDependencies) = postProject
		{0C73F5DC-36E2-442B-91F1-CCC29E772353} = {0C73F5DC-36E2-442B-91F1-CCC29E772353}
	EndProjectSection
EndProject
Project("{2150E333-8FDC-42A3-9474-1A3956D46DE8}") = "plugins", "plugins", "{2099E6AB-6801-41FD-A5D7-C623EC7D1E05}"
EndProject
Project("{8BC9CEB8-8B4A-11D0-8D11-00A0C91BC942}") = "detectStasm", "detectStasm\detectStasm.vcxproj", "{6C2E276D-83EF-441B-B59A-C705102C6E11}"
	ProjectSection(ProjectDependencies) = postProject
		{0C73F5DC-36E2-442B-91F1-CCC29E772353} = {0C73F5DC-36E2-442B-91F1-CCC29E772353}
	EndProjectSection
EndProject
Project("{8BC9CEB8-8B4A-11D0-8D11-00A0C91BC942}") = "detectQuality", "detectQuality\detectQuality.vcxproj", "{1DC6E2C8-A10B-4F37-9DDF-AAED6805DBC9}"
	ProjectSection(ProjectDependencies) = postProject
		{0C73F5DC-36E2-442B-91F1-CCC29E772353} = {0C73F5DC-36E2-442B-91F1-CCC29E772353}
	EndProjectSection
EndProject
Project("{8BC9CEB8-8B4A-11D0-8D11-00A0C91BC942}") = "detectPulse", "detectPulse\detectPulse.vcxproj", "{1272B65D-9BA6-47C8-9C30-C41BD578C5A2}"
	ProjectSection(ProjectDependencies) = postProject
		{0C73F5DC-36E2-442B-91F1-CCC29E772353} = {0C73F5DC-36E2-442B-91F1-CCC29E772353}
	EndProjectSection
EndProject
Global
	GlobalSection(SolutionConfigurationPlatforms) = preSolution
		Debug|Win32 = Debug|Win32
		Release|Win32 = Release|Win32
	EndGlobalSection
	GlobalSection(ProjectConfigurationPlatforms) = postSolution
		{0C73F5DC-36E2-442B-91F1-CCC29E772353}.Debug|Win32.ActiveCfg = Debug|Win32
		{0C73F5DC-36E2-442B-91F1-CCC29E772353}.Debug|Win32.Build.0 = Debug|Win32
		{0C73F5DC-36E2-442B-91F1-CCC29E772353}.Release|Win32.ActiveCfg = Release|Win32
		{0C73F5DC-36E2-442B-91F1-CCC29E772353}.Release|Win32.Build.0 = Release|Win32
		{95AA5C6B-7306-4EFD-91DA-7936AB84E002}.Debug|Win32.ActiveCfg = Debug|Win32
		{95AA5C6B-7306-4EFD-91DA-7936AB84E002}.Debug|Win32.Build.0 = Debug|Win32
		{95AA5C6B-7306-4EFD-91DA-7936AB84E002}.Release|Win32.ActiveCfg = Release|Win32
		{95AA5C6B-7306-4EFD-91DA-7936AB84E002}.Release|Win32.Build.0 = Release|Win32
		{6C2E276D-83EF-441B-B59A-C705102C6E11}.Debug|Win32.ActiveCfg = Debug|Win32
		{6C2E276D-83EF-441B-B59A-C705102C6E11}.Debug|Win32.Build.0 = Debug|Win32
		{6C2E276D-83EF-441B-B59A-C705102C6E11}.Release|Win32.ActiveCfg = Release|Win32
		{6C2E276D-83EF-441B-B59A-C705102C6E11}.Release|Win32.Build.0 = Release|Win32
		{1DC6E2C8-A10B-4F37-9DDF-AAED6805DBC9}.Debug|Win32.ActiveCfg = Debug|Win32
		{1DC6E2C8-A10B-4F37-9DDF-AAED6805DBC9}.Debug|Win32.Build.0 = Debug|Win32
		{1DC6E2C8-A10B-4F37-9DDF-AAED6805DBC9}.Release|Win32.ActiveCfg = Release|Win32
		{1DC6E2C8-A10B-4F37-9DDF-AAED6805DBC9}.Release|Win32.Build.0 = Release|Win32
		{1272B65D-9BA6-47C8-9C30-C41BD578C5A2}.Debug|Win32.ActiveCfg = Debug|Win32
		{1272B65D-9BA6-47C8-9C30-C41BD578C5A2}.Debug|Win32.Build.0 = Debug|Win32
		{1272B65D-9BA6-47C8-9C30-C41BD578C5A2}.Release|Win32.ActiveCfg = Release|Win32
		{1272B65D-9BA6-47C8-9C30-C41BD578C5A2}.Release|Win32.Build.0 = Release|Win32
	EndGlobalSection
	GlobalSection(SolutionProperties) = preSolution
		HideSolutionNode = FALSE
	EndGlobalSection
	GlobalSection(NestedProjects) = preSolution
		{6C2E276D-83EF-441B-B59A-C705102C6E11} = {2099E6AB-6801-41FD-A5D7-C623EC7D1E05}
		{1DC6E2C8-A10B-4F37-9DDF-AAED6805DBC9} = {2099E6AB-6801-41FD-A5D7-C623EC7D1E05}
		{1272B65D-9BA6-47C8-9C30-C41BD578C5A2} = {2099E6AB-6801-41FD-A5D7-C623EC7D1E05}
	EndGlobalSection
EndGlobal
